{
  "name": "get_data_from_offchain_storage",
  "version": "1.0.0",
  "lockfileVersion": 1,
  "requires": true,
  "dependencies": {
    "@cspotcode/source-map-support": {
      "version": "0.8.1",
      "resolved": "https://registry.npmmirror.com/@cspotcode/source-map-support/-/source-map-support-0.8.1.tgz",
      "integrity": "sha512-IchNf6dN4tHoMFIn/7OE8LWZ19Y6q/67Bmf6vnGREv8RSbBVb9LPJxEcnwrcwX6ixSvaiGoomAUvu4YSxXrVgw==",
      "dev": true,
      "requires": {
        "@jridgewell/trace-mapping": "0.3.9"
      }
    },
    "@jridgewell/resolve-uri": {
      "version": "3.1.1",
      "resolved": "https://registry.npmmirror.com/@jridgewell/resolve-uri/-/resolve-uri-3.1.1.tgz",
      "integrity": "sha512-dSYZh7HhCDtCKm4QakX0xFpsRDqjjtZf/kjI/v3T3Nwt5r8/qz/M19F9ySyOqU94SXBmeG9ttTul+YnR4LOxFA==",
      "dev": true
    },
    "@jridgewell/sourcemap-codec": {
      "version": "1.4.15",
      "resolved": "https://registry.npmmirror.com/@jridgewell/sourcemap-codec/-/sourcemap-codec-1.4.15.tgz",
      "integrity": "sha512-eF2rxCRulEKXHTRiDrDy6erMYWqNw4LPdQ8UQA4huuxaQsVeRPFl2oM8oDGxMFhJUWZf9McpLtJasDDZb/Bpeg==",
      "dev": true
    },
    "@jridgewell/trace-mapping": {
      "version": "0.3.9",
      "resolved": "https://registry.npmmirror.com/@jridgewell/trace-mapping/-/trace-mapping-0.3.9.tgz",
      "integrity": "sha512-3Belt6tdc8bPgAtbcmdtNJlirVoTmEb5e2gC94PnkwEW9jI6CAHUeoG85tjWP5WquqfavoMtMwiG4P926ZKKuQ==",
      "dev": true,
      "requires": {
        "@jridgewell/resolve-uri": "^3.0.3",
        "@jridgewell/sourcemap-codec": "^1.4.10"
      }
    },
    "@noble/curves": {
      "version": "1.1.0",
      "resolved": "https://registry.npmmirror.com/@noble/curves/-/curves-1.1.0.tgz",
      "integrity": "sha512-091oBExgENk/kGj3AZmtBDMpxQPDtxQABR2B9lb1JbVTs6ytdzZNwvhxQ4MWasRNEzlbEH8jCWFCwhF/Obj5AA==",
      "requires": {
        "@noble/hashes": "1.3.1"
      }
    },
    "@noble/hashes": {
      "version": "1.3.1",
      "resolved": "https://registry.npmmirror.com/@noble/hashes/-/hashes-1.3.1.tgz",
      "integrity": "sha512-EbqwksQwz9xDRGfDST86whPBgM65E0OH/pCgqW0GBVzO22bNE+NuIbeTb714+IfSjU3aRk47EUvXIb5bTsenKA=="
    },
    "@polkadot/api": {
      "version": "10.9.1",
      "resolved": "https://registry.npmmirror.com/@polkadot/api/-/api-10.9.1.tgz",
      "integrity": "sha512-ND/2UqZBWvtt4PfV03OStTKg0mxmPk4UpMAgJKutdgsz/wP9CYJ1KbjwFgPNekL9JnzbKQsWyQNPVrcw7kQk8A==",
      "requires": {
        "@polkadot/api-augment": "10.9.1",
        "@polkadot/api-base": "10.9.1",
        "@polkadot/api-derive": "10.9.1",
        "@polkadot/keyring": "^12.3.1",
        "@polkadot/rpc-augment": "10.9.1",
        "@polkadot/rpc-core": "10.9.1",
        "@polkadot/rpc-provider": "10.9.1",
        "@polkadot/types": "10.9.1",
        "@polkadot/types-augment": "10.9.1",
        "@polkadot/types-codec": "10.9.1",
        "@polkadot/types-create": "10.9.1",
        "@polkadot/types-known": "10.9.1",
        "@polkadot/util": "^12.3.1",
        "@polkadot/util-crypto": "^12.3.1",
        "eventemitter3": "^5.0.1",
        "rxjs": "^7.8.1",
        "tslib": "^2.5.3"
      }
    },
    "@polkadot/api-augment": {
      "version": "10.9.1",
      "resolved": "https://registry.npmmirror.com/@polkadot/api-augment/-/api-augment-10.9.1.tgz",
      "integrity": "sha512-kRZZvCFVcN4hAH4dJ+Qzfdy27/4EEq3oLDf3ihj0LTVrAezSWcKPGE3EVFy+Mn6Lo4SUc7RVyoKvIUhSk2l4Dg==",
      "requires": {
        "@polkadot/api-base": "10.9.1",
        "@polkadot/rpc-augment": "10.9.1",
        "@polkadot/types": "10.9.1",
        "@polkadot/types-augment": "10.9.1",
        "@polkadot/types-codec": "10.9.1",
        "@polkadot/util": "^12.3.1",
        "tslib": "^2.5.3"
      }
    },
    "@polkadot/api-base": {
      "version": "10.9.1",
      "resolved": "https://registry.npmmirror.com/@polkadot/api-base/-/api-base-10.9.1.tgz",
      "integrity": "sha512-Q3m2KzlceMK2kX8bhnUZWk3RT6emmijeeFZZQgCePpEcrSeNjnqG4qjuTPgkveaOkUT8MAoDc5Avuzcc2jlW9g==",
      "requires": {
        "@polkadot/rpc-core": "10.9.1",
        "@polkadot/types": "10.9.1",
        "@polkadot/util": "^12.3.1",
        "rxjs": "^7.8.1",
        "tslib": "^2.5.3"
      }
    },
    "@polkadot/api-derive": {
      "version": "10.9.1",
      "resolved": "https://registry.npmmirror.com/@polkadot/api-derive/-/api-derive-10.9.1.tgz",
      "integrity": "sha512-mRud1UZCFIc4Z63qAoGSIHh/foyUYADfy1RQYCmPpeFKfIdCIrHpd7xFdJXTOMYOS0BwlM6u4qli/ZT4XigezQ==",
      "requires": {
        "@polkadot/api": "10.9.1",
        "@polkadot/api-augment": "10.9.1",
        "@polkadot/api-base": "10.9.1",
        "@polkadot/rpc-core": "10.9.1",
        "@polkadot/types": "10.9.1",
        "@polkadot/types-codec": "10.9.1",
        "@polkadot/util": "^12.3.1",
        "@polkadot/util-crypto": "^12.3.1",
        "rxjs": "^7.8.1",
        "tslib": "^2.5.3"
      }
    },
    "@polkadot/keyring": {
      "version": "12.3.2",
      "resolved": "https://registry.npmmirror.com/@polkadot/keyring/-/keyring-12.3.2.tgz",
      "integrity": "sha512-NTdtDeI0DP9l/45hXynNABeP5VB8piw5YR+CbUxK2e36xpJWVXwbcOepzslg5ghE9rs8UKJb30Z/HqTU4sBY0Q==",
      "requires": {
        "@polkadot/util": "12.3.2",
        "@polkadot/util-crypto": "12.3.2",
        "tslib": "^2.5.3"
      }
    },
    "@polkadot/networks": {
      "version": "12.3.2",
      "resolved": "https://registry.npmmirror.com/@polkadot/networks/-/networks-12.3.2.tgz",
      "integrity": "sha512-uCkyybKoeEm1daKr0uT/9oNDHDDzCy2/ZdVl346hQqfdR1Ct3BaxMjxqvdmb5N8aCw0cBWSfgsxAYtw8ESmllQ==",
      "requires": {
        "@polkadot/util": "12.3.2",
        "@substrate/ss58-registry": "^1.40.0",
        "tslib": "^2.5.3"
      }
    },
    "@polkadot/rpc-augment": {
      "version": "10.9.1",
      "resolved": "https://registry.npmmirror.com/@polkadot/rpc-augment/-/rpc-augment-10.9.1.tgz",
      "integrity": "sha512-MaLHkNlyqN20ZRYr6uNd1BZr1OsrnX9qLAmsl0mcrri1vPGRH6VHjfFH1RBLkikpWD82v17g0l2hLwdV1ZHMcw==",
      "requires": {
        "@polkadot/rpc-core": "10.9.1",
        "@polkadot/types": "10.9.1",
        "@polkadot/types-codec": "10.9.1",
        "@polkadot/util": "^12.3.1",
        "tslib": "^2.5.3"
      }
    },
    "@polkadot/rpc-core": {
      "version": "10.9.1",
      "resolved": "https://registry.npmmirror.com/@polkadot/rpc-core/-/rpc-core-10.9.1.tgz",
      "integrity": "sha512-ZtA8B8SfXSAwVkBlCcKRHw0eSM7ec/sbiNOM5GasXPeRujUgT7lOwSH2GbUZSqe9RfRDMp6DvO9c2JoGc3LLWw==",
      "requires": {
        "@polkadot/rpc-augment": "10.9.1",
        "@polkadot/rpc-provider": "10.9.1",
        "@polkadot/types": "10.9.1",
        "@polkadot/util": "^12.3.1",
        "rxjs": "^7.8.1",
        "tslib": "^2.5.3"
      }
    },
    "@polkadot/rpc-provider": {
      "version": "10.9.1",
      "resolved": "https://registry.npmmirror.com/@polkadot/rpc-provider/-/rpc-provider-10.9.1.tgz",
      "integrity": "sha512-4QzT2QzD+320+eT6b79sGAA85Tt3Bb8fQvse4r5Mom2iiBd2SO81vOhxSAOaIe4GUsw25VzFJmsbe7+OObItdg==",
      "requires": {
        "@polkadot/keyring": "^12.3.1",
        "@polkadot/types": "10.9.1",
        "@polkadot/types-support": "10.9.1",
        "@polkadot/util": "^12.3.1",
        "@polkadot/util-crypto": "^12.3.1",
        "@polkadot/x-fetch": "^12.3.1",
        "@polkadot/x-global": "^12.3.1",
        "@polkadot/x-ws": "^12.3.1",
        "@substrate/connect": "0.7.26",
        "eventemitter3": "^5.0.1",
        "mock-socket": "^9.2.1",
        "nock": "^13.3.1",
        "tslib": "^2.5.3"
      }
    },
    "@polkadot/types": {
      "version": "10.9.1",
      "resolved": "https://registry.npmmirror.com/@polkadot/types/-/types-10.9.1.tgz",
      "integrity": "sha512-AG33i2ZGGfq7u+5rkAdGrXAQHHl844/Yv+junH5ZzX69xiCoWO1bH/yzDUNBdpki2GlACWvF9nLYh3F2tVF93w==",
      "requires": {
        "@polkadot/keyring": "^12.3.1",
        "@polkadot/types-augment": "10.9.1",
        "@polkadot/types-codec": "10.9.1",
        "@polkadot/types-create": "10.9.1",
        "@polkadot/util": "^12.3.1",
        "@polkadot/util-crypto": "^12.3.1",
        "rxjs": "^7.8.1",
        "tslib": "^2.5.3"
      }
    },
    "@polkadot/types-augment": {
      "version": "10.9.1",
      "resolved": "https://registry.npmmirror.com/@polkadot/types-augment/-/types-augment-10.9.1.tgz",
      "integrity": "sha512-OY9/jTMFRFqYdkUnfcGwqMLC64A0Q25bjvCuVQCVjsPFKE3wl0Kt5rNT01eV2UmLXrR6fY0xWbR2w80bLA7CIQ==",
      "requires": {
        "@polkadot/types": "10.9.1",
        "@polkadot/types-codec": "10.9.1",
        "@polkadot/util": "^12.3.1",
        "tslib": "^2.5.3"
      }
    },
    "@polkadot/types-codec": {
      "version": "10.9.1",
      "resolved": "https://registry.npmmirror.com/@polkadot/types-codec/-/types-codec-10.9.1.tgz",
      "integrity": "sha512-mJ5OegKGraY1FLvEa8FopRCr3pQrhDkcn5RNOjmgJQozENVeRaxhk0NwxYz7IojFvSDnKnc6lNQfKaaSe5pLHg==",
      "requires": {
        "@polkadot/util": "^12.3.1",
        "@polkadot/x-bigint": "^12.3.1",
        "tslib": "^2.5.3"
      }
    },
    "@polkadot/types-create": {
      "version": "10.9.1",
      "resolved": "https://registry.npmmirror.com/@polkadot/types-create/-/types-create-10.9.1.tgz",
      "integrity": "sha512-OVz50MGTTuiuVnRP/zAx4CTuLioc0hsiwNwqN2lNhmIJGtnQ4Vy/7mQRsIWehiYz6g0Vzzm5B3qWkTXO1NSN5w==",
      "requires": {
        "@polkadot/types-codec": "10.9.1",
        "@polkadot/util": "^12.3.1",
        "tslib": "^2.5.3"
      }
    },
    "@polkadot/types-known": {
      "version": "10.9.1",
      "resolved": "https://registry.npmmirror.com/@polkadot/types-known/-/types-known-10.9.1.tgz",
      "integrity": "sha512-zCMVWc4pJtkbMFPu72bD4IhvV/gkHXPX3C5uu92WdmCfnn0vEIEsMKWlVXVVvQQZKAqvs/awpqIfrUtEViOGEA==",
      "requires": {
        "@polkadot/networks": "^12.3.1",
        "@polkadot/types": "10.9.1",
        "@polkadot/types-codec": "10.9.1",
        "@polkadot/types-create": "10.9.1",
        "@polkadot/util": "^12.3.1",
        "tslib": "^2.5.3"
      }
    },
    "@polkadot/types-support": {
      "version": "10.9.1",
      "resolved": "https://registry.npmmirror.com/@polkadot/types-support/-/types-support-10.9.1.tgz",
      "integrity": "sha512-XsieuLDsszvMZQlleacQBfx07i/JkwQV/UxH9q8Hz7Okmaz9pEVEW1h3ka2/cPuC7a4l32JhaORBUYshBZNdJg==",
      "requires": {
        "@polkadot/util": "^12.3.1",
        "tslib": "^2.5.3"
      }
    },
    "@polkadot/util": {
      "version": "12.3.2",
      "resolved": "https://registry.npmmirror.com/@polkadot/util/-/util-12.3.2.tgz",
      "integrity": "sha512-y/JShcGyOamCUiSIg++XZuLHt1ktSKBaSH2K5Nw5NXlgP0+7am+GZzqPB8fQ4qhYLruEOv+YRiz0GC1Zr9S+wg==",
      "requires": {
        "@polkadot/x-bigint": "12.3.2",
        "@polkadot/x-global": "12.3.2",
        "@polkadot/x-textdecoder": "12.3.2",
        "@polkadot/x-textencoder": "12.3.2",
        "@types/bn.js": "^5.1.1",
        "bn.js": "^5.2.1",
        "tslib": "^2.5.3"
      }
    },
    "@polkadot/util-crypto": {
      "version": "12.3.2",
      "resolved": "https://registry.npmmirror.com/@polkadot/util-crypto/-/util-crypto-12.3.2.tgz",
      "integrity": "sha512-pTpx+YxolY0BDT4RcGmgeKbHHD/dI6Ll9xRsqmVdIjpcVVY20uDNTyXs81ZNtfKgyod1y9JQkfNv2Dz9iEpTkQ==",
      "requires": {
        "@noble/curves": "1.1.0",
        "@noble/hashes": "1.3.1",
        "@polkadot/networks": "12.3.2",
        "@polkadot/util": "12.3.2",
        "@polkadot/wasm-crypto": "^7.2.1",
        "@polkadot/wasm-util": "^7.2.1",
        "@polkadot/x-bigint": "12.3.2",
        "@polkadot/x-randomvalues": "12.3.2",
        "@scure/base": "1.1.1",
        "tslib": "^2.5.3"
      }
    },
    "@polkadot/wasm-bridge": {
      "version": "7.2.1",
      "resolved": "https://registry.npmmirror.com/@polkadot/wasm-bridge/-/wasm-bridge-7.2.1.tgz",
      "integrity": "sha512-uV/LHREDBGBbHrrv7HTki+Klw0PYZzFomagFWII4lp6Toj/VCvRh5WMzooVC+g/XsBGosAwrvBhoModabyHx+A==",
      "requires": {
        "@polkadot/wasm-util": "7.2.1",
        "tslib": "^2.5.0"
      }
    },
    "@polkadot/wasm-crypto": {
      "version": "7.2.1",
      "resolved": "https://registry.npmmirror.com/@polkadot/wasm-crypto/-/wasm-crypto-7.2.1.tgz",
      "integrity": "sha512-SA2+33S9TAwGhniKgztVN6pxUKpGfN4Tre/eUZGUfpgRkT92wIUT2GpGWQE+fCCqGQgADrNiBcwt6XwdPqMQ4Q==",
      "requires": {
        "@polkadot/wasm-bridge": "7.2.1",
        "@polkadot/wasm-crypto-asmjs": "7.2.1",
        "@polkadot/wasm-crypto-init": "7.2.1",
        "@polkadot/wasm-crypto-wasm": "7.2.1",
        "@polkadot/wasm-util": "7.2.1",
        "tslib": "^2.5.0"
      }
    },
    "@polkadot/wasm-crypto-asmjs": {
      "version": "7.2.1",
      "resolved": "https://registry.npmmirror.com/@polkadot/wasm-crypto-asmjs/-/wasm-crypto-asmjs-7.2.1.tgz",
      "integrity": "sha512-z/d21bmxyVfkzGsKef/FWswKX02x5lK97f4NPBZ9XBeiFkmzlXhdSnu58/+b1sKsRAGdW/Rn/rTNRDhW0GqCAg==",
      "requires": {
        "tslib": "^2.5.0"
      }
    },
    "@polkadot/wasm-crypto-init": {
      "version": "7.2.1",
      "resolved": "https://registry.npmmirror.com/@polkadot/wasm-crypto-init/-/wasm-crypto-init-7.2.1.tgz",
      "integrity": "sha512-GcEXtwN9LcSf32V9zSaYjHImFw16hCyo2Xzg4GLLDPPeaAAfbFr2oQMgwyDbvBrBjLKHVHjsPZyGhXae831amw==",
      "requires": {
        "@polkadot/wasm-bridge": "7.2.1",
        "@polkadot/wasm-crypto-asmjs": "7.2.1",
        "@polkadot/wasm-crypto-wasm": "7.2.1",
        "@polkadot/wasm-util": "7.2.1",
        "tslib": "^2.5.0"
      }
    },
    "@polkadot/wasm-crypto-wasm": {
      "version": "7.2.1",
      "resolved": "https://registry.npmmirror.com/@polkadot/wasm-crypto-wasm/-/wasm-crypto-wasm-7.2.1.tgz",
      "integrity": "sha512-DqyXE4rSD0CVlLIw88B58+HHNyrvm+JAnYyuEDYZwCvzUWOCNos/DDg9wi/K39VAIsCCKDmwKqkkfIofuOj/lA==",
      "requires": {
        "@polkadot/wasm-util": "7.2.1",
        "tslib": "^2.5.0"
      }
    },
    "@polkadot/wasm-util": {
      "version": "7.2.1",
      "resolved": "https://registry.npmmirror.com/@polkadot/wasm-util/-/wasm-util-7.2.1.tgz",
      "integrity": "sha512-FBSn/3aYJzhN0sYAYhHB8y9JL8mVgxLy4M1kUXYbyo+8GLRQEN5rns8Vcb8TAlIzBWgVTOOptYBvxo0oj0h7Og==",
      "requires": {
        "tslib": "^2.5.0"
      }
    },
    "@polkadot/x-bigint": {
      "version": "12.3.2",
      "resolved": "https://registry.npmmirror.com/@polkadot/x-bigint/-/x-bigint-12.3.2.tgz",
      "integrity": "sha512-JLqLgfGXe/x+hZJETd5ZqfpVsbwyMsH5Nn1Q20ineMMjXN/ig+kVR8Mc15LXBMuw4g7LldFW6UUrotWnuMI8Yw==",
      "requires": {
        "@polkadot/x-global": "12.3.2",
        "tslib": "^2.5.3"
      }
    },
    "@polkadot/x-fetch": {
      "version": "12.3.2",
      "resolved": "https://registry.npmmirror.com/@polkadot/x-fetch/-/x-fetch-12.3.2.tgz",
      "integrity": "sha512-3IEuZ5S+RI/t33NsdPLIIa5COfDCfpUW2sbaByEczn75aD1jLqJZSEDwiBniJ2osyNd4uUxBf6e5jw7LAZeZJg==",
      "requires": {
        "@polkadot/x-global": "12.3.2",
        "node-fetch": "^3.3.1",
        "tslib": "^2.5.3"
      }
    },
    "@polkadot/x-global": {
      "version": "12.3.2",
      "resolved": "https://registry.npmmirror.com/@polkadot/x-global/-/x-global-12.3.2.tgz",
      "integrity": "sha512-yVZq6oIegjlyh5rUZiTklgu+fL+W/DG1ypEa02683tUCB3avV5cA3PAHKptMSlb6FpweHu37lKKrqfAWrraDxg==",
      "requires": {
        "tslib": "^2.5.3"
      }
    },
    "@polkadot/x-randomvalues": {
      "version": "12.3.2",
      "resolved": "https://registry.npmmirror.com/@polkadot/x-randomvalues/-/x-randomvalues-12.3.2.tgz",
      "integrity": "sha512-ywjIs8CWpvOGmq+3cGCNPOHxAjPHdBUiXyDccftx5BRVdmtbt36gK/V84bKr6Xs73FGu0jprUAOSRRsLZX/3dg==",
      "requires": {
        "@polkadot/x-global": "12.3.2",
        "tslib": "^2.5.3"
      }
    },
    "@polkadot/x-textdecoder": {
      "version": "12.3.2",
      "resolved": "https://registry.npmmirror.com/@polkadot/x-textdecoder/-/x-textdecoder-12.3.2.tgz",
      "integrity": "sha512-lY5bfA5xArJRWEJlYOlQQMJeTjWD8s0yMhchirVgf5xj8Id9vPGeUoneH+VFDEwgXxrqBvDFJ4smN4T/r6a/fg==",
      "requires": {
        "@polkadot/x-global": "12.3.2",
        "tslib": "^2.5.3"
      }
    },
    "@polkadot/x-textencoder": {
      "version": "12.3.2",
      "resolved": "https://registry.npmmirror.com/@polkadot/x-textencoder/-/x-textencoder-12.3.2.tgz",
      "integrity": "sha512-iP3qEBiHzBckQ9zeY7ZHRWuu7mCEg5SMpOugs6UODRk8sx6KHzGQYlghBbWLit0uppPDVE0ifEwZ2n73djJHWQ==",
      "requires": {
        "@polkadot/x-global": "12.3.2",
        "tslib": "^2.5.3"
      }
    },
    "@polkadot/x-ws": {
      "version": "12.3.2",
      "resolved": "https://registry.npmmirror.com/@polkadot/x-ws/-/x-ws-12.3.2.tgz",
      "integrity": "sha512-yM9Z64pLNlHpJE43+Xtr+iUXmYpFFY5u5hrke2PJt13O48H8f9Vb9cRaIh94appLyICoS0aekGhDkGH+MCspBA==",
      "requires": {
        "@polkadot/x-global": "12.3.2",
        "tslib": "^2.5.3",
        "ws": "^8.13.0"
      }
    },
    "@scure/base": {
      "version": "1.1.1",
      "resolved": "https://registry.npmmirror.com/@scure/base/-/base-1.1.1.tgz",
      "integrity": "sha512-ZxOhsSyxYwLJj3pLZCefNitxsj093tb2vq90mp2txoYeBqbcjDjqFhyM8eUjq/uFm6zJ+mUuqxlS2FkuSY1MTA=="
    },
    "@substrate/connect": {
      "version": "0.7.26",
      "resolved": "https://registry.npmmirror.com/@substrate/connect/-/connect-0.7.26.tgz",
      "integrity": "sha512-uuGSiroGuKWj1+38n1kY5HReer5iL9bRwPCzuoLtqAOmI1fGI0hsSI2LlNQMAbfRgr7VRHXOk5MTuQf5ulsFRw==",
      "optional": true,
      "requires": {
        "@substrate/connect-extension-protocol": "^1.0.1",
        "eventemitter3": "^4.0.7",
        "smoldot": "1.0.4"
      },
      "dependencies": {
        "eventemitter3": {
          "version": "4.0.7",
          "resolved": "https://registry.npmmirror.com/eventemitter3/-/eventemitter3-4.0.7.tgz",
          "integrity": "sha512-8guHBZCwKnFhYdHr2ysuRWErTwhoN2X8XELRlrRwpmfeY2jjuUN4taQMsULKUVo1K4DvZl+0pgfyoysHxvmvEw==",
          "optional": true
        }
      }
    },
    "@substrate/connect-extension-protocol": {
      "version": "1.0.1",
      "resolved": "https://registry.npmmirror.com/@substrate/connect-extension-protocol/-/connect-extension-protocol-1.0.1.tgz",
      "integrity": "sha512-161JhCC1csjH3GE5mPLEd7HbWtwNSPJBg3p1Ksz9SFlTzj/bgEwudiRN2y5i0MoLGCIJRYKyKGMxVnd29PzNjg==",
      "optional": true
    },
    "@substrate/ss58-registry": {
      "version": "1.40.0",
      "resolved": "https://registry.npmmirror.com/@substrate/ss58-registry/-/ss58-registry-1.40.0.tgz",
      "integrity": "sha512-QuU2nBql3J4KCnOWtWDw4n1K4JU0T79j54ZZvm/9nhsX6AIar13FyhsaBfs6QkJ2ixTQAnd7TocJIoJRWbqMZA=="
    },
    "@tsconfig/node10": {
      "version": "1.0.9",
      "resolved": "https://registry.npmmirror.com/@tsconfig/node10/-/node10-1.0.9.tgz",
      "integrity": "sha512-jNsYVVxU8v5g43Erja32laIDHXeoNvFEpX33OK4d6hljo3jDhCBDhx5dhCCTMWUojscpAagGiRkBKxpdl9fxqA==",
      "dev": true
    },
    "@tsconfig/node12": {
      "version": "1.0.11",
      "resolved": "https://registry.npmmirror.com/@tsconfig/node12/-/node12-1.0.11.tgz",
      "integrity": "sha512-cqefuRsh12pWyGsIoBKJA9luFu3mRxCA+ORZvA4ktLSzIuCUtWVxGIuXigEwO5/ywWFMZ2QEGKWvkZG1zDMTag==",
      "dev": true
    },
    "@tsconfig/node14": {
      "version": "1.0.3",
      "resolved": "https://registry.npmmirror.com/@tsconfig/node14/-/node14-1.0.3.tgz",
      "integrity": "sha512-ysT8mhdixWK6Hw3i1V2AeRqZ5WfXg1G43mqoYlM2nc6388Fq5jcXyr5mRsqViLx/GJYdoL0bfXD8nmF+Zn/Iow==",
      "dev": true
    },
    "@tsconfig/node16": {
      "version": "1.0.4",
      "resolved": "https://registry.npmmirror.com/@tsconfig/node16/-/node16-1.0.4.tgz",
      "integrity": "sha512-vxhUy4J8lyeyinH7Azl1pdd43GJhZH/tP2weN8TntQblOY+A0XbT8DJk1/oCPuOOyg/Ja757rG0CgHcWC8OfMA==",
      "dev": true
    },
    "@types/bn.js": {
      "version": "5.1.1",
      "resolved": "https://registry.npmmirror.com/@types/bn.js/-/bn.js-5.1.1.tgz",
      "integrity": "sha512-qNrYbZqMx0uJAfKnKclPh+dTwK33KfLHYqtyODwd5HnXOjnkhc4qgn3BrK6RWyGZm5+sIFE7Q7Vz6QQtJB7w7g==",
      "requires": {
        "@types/node": "*"
      }
    },
    "@types/node": {
      "version": "20.3.1",
      "resolved": "https://registry.npmmirror.com/@types/node/-/node-20.3.1.tgz",
      "integrity": "sha512-EhcH/wvidPy1WeML3TtYFGR83UzjxeWRen9V402T8aUGYsCHOmfoisV3ZSg03gAFIbLq8TnWOJ0f4cALtnSEUg=="
    },
    "acorn": {
      "version": "8.9.0",
      "resolved": "https://registry.npmmirror.com/acorn/-/acorn-8.9.0.tgz",
      "integrity": "sha512-jaVNAFBHNLXspO543WnNNPZFRtavh3skAkITqD0/2aeMkKZTN+254PyhwxFYrk3vQ1xfY+2wbesJMs/JC8/PwQ==",
      "dev": true
    },
    "acorn-walk": {
      "version": "8.2.0",
      "resolved": "https://registry.npmmirror.com/acorn-walk/-/acorn-walk-8.2.0.tgz",
      "integrity": "sha512-k+iyHEuPgSw6SbuDpGQM+06HQUa04DZ3o+F6CSzXMvvI5KMvnaEqXe+YVe555R9nn6GPt404fos4wcgpw12SDA==",
      "dev": true
    },
    "arg": {
      "version": "4.1.3",
      "resolved": "https://registry.npmmirror.com/arg/-/arg-4.1.3.tgz",
      "integrity": "sha512-58S9QDqG0Xx27YwPSt9fJxivjYl432YCwfDMfZ+71RAqUrZef7LrKQZ3LHLOwCS4FLNBplP533Zx895SeOCHvA==",
      "dev": true
    },
    "bn.js": {
      "version": "5.2.1",
      "resolved": "https://registry.npmmirror.com/bn.js/-/bn.js-5.2.1.tgz",
      "integrity": "sha512-eXRvHzWyYPBuB4NBy0cmYQjGitUrtqwbvlzP3G6VFnNRbsZQIxQ10PbKKHt8gZ/HW/D/747aDl+QkDqg3KQLMQ=="
    },
    "create-require": {
      "version": "1.1.1",
      "resolved": "https://registry.npmmirror.com/create-require/-/create-require-1.1.1.tgz",
      "integrity": "sha512-dcKFX3jn0MpIaXjisoRvexIJVEKzaq7z2rZKxf+MSr9TkdmHmsU4m2lcLojrj/FHl8mk5VxMmYA+ftRkP/3oKQ==",
      "dev": true
    },
    "data-uri-to-buffer": {
      "version": "4.0.1",
      "resolved": "https://registry.npmmirror.com/data-uri-to-buffer/-/data-uri-to-buffer-4.0.1.tgz",
      "integrity": "sha512-0R9ikRb668HB7QDxT1vkpuUBtqc53YyAwMwGeUFKRojY/NWKvdZ+9UYtRfGmhqNbRkTSVpMbmyhXipFFv2cb/A=="
    },
    "debug": {
      "version": "4.3.4",
      "resolved": "https://registry.npmmirror.com/debug/-/debug-4.3.4.tgz",
      "integrity": "sha512-PRWFHuSU3eDtQJPvnNY7Jcket1j0t5OuOsFzPPzsekD52Zl8qUfFIPEiswXqIvHWGVHOgX+7G/vCNNhehwxfkQ==",
      "requires": {
        "ms": "2.1.2"
      }
    },
    "diff": {
      "version": "4.0.2",
      "resolved": "https://registry.npmmirror.com/diff/-/diff-4.0.2.tgz",
      "integrity": "sha512-58lmxKSA4BNyLz+HHMUzlOEpg09FV+ev6ZMe3vJihgdxzgcwZ8VoEEPmALCZG9LmqfVoNMMKpttIYTVG6uDY7A==",
      "dev": true
    },
    "eventemitter3": {
      "version": "5.0.1",
      "resolved": "https://registry.npmmirror.com/eventemitter3/-/eventemitter3-5.0.1.tgz",
      "integrity": "sha512-GWkBvjiSZK87ELrYOSESUYeVIc9mvLLf/nXalMOS5dYrgZq9o5OVkbZAVM06CVxYsCwH9BDZFPlQTlPA1j4ahA=="
    },
    "fetch-blob": {
      "version": "3.2.0",
      "resolved": "https://registry.npmmirror.com/fetch-blob/-/fetch-blob-3.2.0.tgz",
      "integrity": "sha512-7yAQpD2UMJzLi1Dqv7qFYnPbaPx7ZfFK6PiIxQ4PfkGPyNyl2Ugx+a/umUonmKqjhM4DnfbMvdX6otXq83soQQ==",
      "requires": {
        "node-domexception": "^1.0.0",
        "web-streams-polyfill": "^3.0.3"
      }
    },
    "formdata-polyfill": {
      "version": "4.0.10",
      "resolved": "https://registry.npmmirror.com/formdata-polyfill/-/formdata-polyfill-4.0.10.tgz",
      "integrity": "sha512-buewHzMvYL29jdeQTVILecSaZKnt/RJWjoZCF5OW60Z67/GmSLBkOFM7qh1PI3zFNtJbaZL5eQu1vLfazOwj4g==",
      "requires": {
        "fetch-blob": "^3.1.2"
      }
    },
    "json-stringify-safe": {
      "version": "5.0.1",
      "resolved": "https://registry.npmmirror.com/json-stringify-safe/-/json-stringify-safe-5.0.1.tgz",
      "integrity": "sha512-ZClg6AaYvamvYEE82d3Iyd3vSSIjQ+odgjaTzRuO3s7toCdFKczob2i0zCh7JE8kWn17yvAWhUVxvqGwUalsRA=="
    },
    "lodash": {
      "version": "4.17.21",
      "resolved": "https://registry.npmmirror.com/lodash/-/lodash-4.17.21.tgz",
      "integrity": "sha512-v2kDEe57lecTulaDIuNTPy3Ry4gLGJ6Z1O3vE1krgXZNrsQ+LFTGHVxVjcXPs17LhbZVGedAJv8XZ1tvj5FvSg=="
    },
    "make-error": {
      "version": "1.3.6",
      "resolved": "https://registry.npmmirror.com/make-error/-/make-error-1.3.6.tgz",
      "integrity": "sha512-s8UhlNe7vPKomQhC1qFelMokr/Sc3AgNbso3n74mVPA5LTZwkB9NlXf4XPamLxJE8h0gh73rM94xvwRT2CVInw==",
      "dev": true
    },
    "mock-socket": {
      "version": "9.2.1",
      "resolved": "https://registry.npmmirror.com/mock-socket/-/mock-socket-9.2.1.tgz",
      "integrity": "sha512-aw9F9T9G2zpGipLLhSNh6ZpgUyUl4frcVmRN08uE1NWPWg43Wx6+sGPDbQ7E5iFZZDJW5b5bypMeAEHqTbIFag=="
    },
    "ms": {
      "version": "2.1.2",
      "resolved": "https://registry.npmmirror.com/ms/-/ms-2.1.2.tgz",
      "integrity": "sha512-sGkPx+VjMtmA6MX27oA4FBFELFCZZ4S4XqeGOXCv68tT+jb3vk/RyaKWP0PTKyWtmLSM0b+adUTEvbs1PEaH2w=="
    },
    "nock": {
      "version": "13.3.1",
      "resolved": "https://registry.npmmirror.com/nock/-/nock-13.3.1.tgz",
      "integrity": "sha512-vHnopocZuI93p2ccivFyGuUfzjq2fxNyNurp7816mlT5V5HF4SzXu8lvLrVzBbNqzs+ODooZ6OksuSUNM7Njkw==",
      "requires": {
        "debug": "^4.1.0",
        "json-stringify-safe": "^5.0.1",
        "lodash": "^4.17.21",
        "propagate": "^2.0.0"
      }
    },
    "node-domexception": {
      "version": "1.0.0",
      "resolved": "https://registry.npmmirror.com/node-domexception/-/node-domexception-1.0.0.tgz",
      "integrity": "sha512-/jKZoMpw0F8GRwl4/eLROPA3cfcXtLApP0QzLmUT/HuPCZWyB7IY9ZrMeKw2O/nFIqPQB3PVM9aYm0F312AXDQ=="
    },
    "node-fetch": {
      "version": "3.3.1",
      "resolved": "https://registry.npmmirror.com/node-fetch/-/node-fetch-3.3.1.tgz",
      "integrity": "sha512-cRVc/kyto/7E5shrWca1Wsea4y6tL9iYJE5FBCius3JQfb/4P4I295PfhgbJQBLTx6lATE4z+wK0rPM4VS2uow==",
      "requires": {
        "data-uri-to-buffer": "^4.0.0",
        "fetch-blob": "^3.1.4",
        "formdata-polyfill": "^4.0.10"
      }
    },
    "pako": {
      "version": "2.1.0",
      "resolved": "https://registry.npmmirror.com/pako/-/pako-2.1.0.tgz",
      "integrity": "sha512-w+eufiZ1WuJYgPXbV/PO3NCMEc3xqylkKHzp8bxp1uW4qaSNQUkwmLLEc3kKsfz8lpV1F8Ht3U1Cm+9Srog2ug==",
      "optional": true
    },
    "propagate": {
      "version": "2.0.1",
      "resolved": "https://registry.npmmirror.com/propagate/-/propagate-2.0.1.tgz",
      "integrity": "sha512-vGrhOavPSTz4QVNuBNdcNXePNdNMaO1xj9yBeH1ScQPjk/rhg9sSlCXPhMkFuaNNW/syTvYqsnbIJxMBfRbbag=="
    },
    "rxjs": {
      "version": "7.8.1",
      "resolved": "https://registry.npmmirror.com/rxjs/-/rxjs-7.8.1.tgz",
      "integrity": "sha512-AA3TVj+0A2iuIoQkWEK/tqFjBq2j+6PO6Y0zJcvzLAFhEFIO3HL0vls9hWLncZbAAbK0mar7oZ4V079I/qPMxg==",
      "requires": {
        "tslib": "^2.1.0"
      }
    },
    "smoldot": {
      "version": "1.0.4",
      "resolved": "https://registry.npmmirror.com/smoldot/-/smoldot-1.0.4.tgz",
      "integrity": "sha512-N3TazI1C4GGrseFH/piWyZCCCRJTRx2QhDfrUKRT4SzILlW5m8ayZ3QTKICcz1C/536T9cbHHJyP7afxI6Mi1A==",
      "optional": true,
      "requires": {
        "pako": "^2.0.4",
        "ws": "^8.8.1"
      }
    },
    "ts-node": {
      "version": "10.9.1",
      "resolved": "https://registry.npmmirror.com/ts-node/-/ts-node-10.9.1.tgz",
      "integrity": "sha512-NtVysVPkxxrwFGUUxGYhfux8k78pQB3JqYBXlLRZgdGUqTO5wU/UyHop5p70iEbGhB7q5KmiZiU0Y3KlJrScEw==",
      "dev": true,
      "requires": {
        "@cspotcode/source-map-support": "^0.8.0",
        "@tsconfig/node10": "^1.0.7",
        "@tsconfig/node12": "^1.0.7",
        "@tsconfig/node14": "^1.0.0",
        "@tsconfig/node16": "^1.0.2",
        "acorn": "^8.4.1",
        "acorn-walk": "^8.1.1",
        "arg": "^4.1.0",
        "create-require": "^1.1.0",
        "diff": "^4.0.1",
        "make-error": "^1.1.1",
        "v8-compile-cache-lib": "^3.0.1",
        "yn": "3.1.1"
      }
    },
    "tslib": {
      "version": "2.5.3",
      "resolved": "https://registry.npmmirror.com/tslib/-/tslib-2.5.3.tgz",
      "integrity": "sha512-mSxlJJwl3BMEQCUNnxXBU9jP4JBktcEGhURcPR6VQVlnP0FdDEsIaz0C35dXNGLyRfrATNofF0F5p2KPxQgB+w=="
    },
    "typescript": {
      "version": "5.1.3",
      "resolved": "https://registry.npmmirror.com/typescript/-/typescript-5.1.3.tgz",
      "integrity": "sha512-XH627E9vkeqhlZFQuL+UsyAXEnibT0kWR2FWONlr4sTjvxyJYnyefgrkyECLzM5NenmKzRAy2rR/OlYLA1HkZw==",
      "dev": true
    },
    "v8-compile-cache-lib": {
      "version": "3.0.1",
      "resolved": "https://registry.npmmirror.com/v8-compile-cache-lib/-/v8-compile-cache-lib-3.0.1.tgz",
      "integrity": "sha512-wa7YjyUGfNZngI/vtK0UHAN+lgDCxBPCylVXGp0zu59Fz5aiGtNXaq3DhIov063MorB+VfufLh3JlF2KdTK3xg==",
      "dev": true
    },
    "web-streams-polyfill": {
      "version": "3.2.1",
      "resolved": "https://registry.npmmirror.com/web-streams-polyfill/-/web-streams-polyfill-3.2.1.tgz",
      "integrity": "sha512-e0MO3wdXWKrLbL0DgGnUV7WHVuw9OUvL4hjgnPkIeEvESk74gAITi5G606JtZPp39cd8HA9VQzCIvA49LpPN5Q=="
    },
    "ws": {
      "version": "8.13.0",
      "resolved": "https://registry.npmmirror.com/ws/-/ws-8.13.0.tgz",
      "integrity": "sha512-x9vcZYTrFPC7aSIbj7sRCYo7L/Xb8Iy+pW0ng0wt2vCJv7M9HOMy0UoN3rr+IFC7hb7vXoqS+P9ktyLLLhO+LA=="
    },
    "yn": {
      "version": "3.1.1",
      "resolved": "https://registry.npmmirror.com/yn/-/yn-3.1.1.tgz",
      "integrity": "sha512-Ux4ygGWsu2c7isFWe8Yu1YluJmqVhxqK2cLXNQA5AcC3QfbGNpM7fu0Y8b/z16pXLnFxZYvWhd3fhBY9DLmC6Q==",
      "dev": true
    }
  }
}
